uuid: fb64037d-a393-4ee2-91f5-dc9e3362bb71
langcode: en
status: true
dependencies:
  config:
    - contact.form.feedback
  module:
    - contact_block
  theme:
    - dovelewis
id: contactblock
theme: dovelewis
region: disabled
weight: 0
provider: null
plugin: contact_block
settings:
  id: contact_block
  label: 'Contact block'
  label_display: '0'
  provider: contact_block
  contact_form: feedback
  form_display: default
visibility: {  }
